
Microsoft Visual Studio Solution File, Format Version 12.00
# Visual Studio Version 16
VisualStudioVersion = 16.0.31313.79
MinimumVisualStudioVersion = 10.0.40219.1
Project("{9A19103F-16F7-4668-BE54-9A1E7A4F7556}") = "WebcamCaptureApp", "WebcameCaptureApp\WebcamCaptureApp.csproj", "{5CA088F5-AF43-4DE2-91B8-9972BFE95CA0}"
EndProject
Global
	GlobalSection(SolutionConfigurationPlatforms) = preSolution
		Debug|Any CPU = Debug|Any CPU
		Release|Any CPU = Release|Any CPU
	EndGlobalSection
	GlobalSection(ProjectConfigurationPlatforms) = postSolution
		{5CA088F5-AF43-4DE2-91B8-9972BFE95CA0}.Debug|Any CPU.ActiveCfg = Debug|Any CPU
		{5CA088F5-AF43-4DE2-91B8-9972BFE95CA0}.Debug|Any CPU.Build.0 = Debug|Any CPU
		{5CA088F5-AF43-4DE2-91B8-9972BFE95CA0}.Release|Any CPU.ActiveCfg = Release|Any CPU
		{5CA088F5-AF43-4DE2-91B8-9972BFE95CA0}.Release|Any CPU.Build.0 = Release|Any CPU
	EndGlobalSection
	GlobalSection(SolutionProperties) = preSolution
		HideSolutionNode = FALSE
	EndGlobalSection
	GlobalSection(ExtensibilityGlobals) = postSolution
		SolutionGuid = {0F21F7C7-0D03-42EB-AE86-1437913CDA35}
	EndGlobalSection
EndGlobal
